
Microsoft Visual Studio Solution File, Format Version 12.00
# Visual Studio Version 17
VisualStudioVersion = 17.12.35707.178 d17.12
MinimumVisualStudioVersion = 10.0.40219.1
Project("{FAE04EC0-301F-11D3-BF4B-00C04F79EFBC}") = "ProductsApp.Api", "ProductsApp.Api\ProductsApp.Api.csproj", "{60EE291B-8E47-42DB-91F6-DB7B113935D7}"
EndProject
Project("{FAE04EC0-301F-11D3-BF4B-00C04F79EFBC}") = "ProductsApp.Shared", "ProductsApp.Shared\ProductsApp.Shared.csproj", "{4D06DCD7-9776-44B3-A335-65C082B390DD}"
EndProject
Project("{FAE04EC0-301F-11D3-BF4B-00C04F79EFBC}") = "ProductsApp.Web", "ProductsApp.Web\ProductsApp.Web.csproj", "{14D53381-0161-45B3-9B22-12F1296BC3F2}"
EndProject
Global
	GlobalSection(SolutionConfigurationPlatforms) = preSolution
		Debug|Any CPU = Debug|Any CPU
		Release|Any CPU = Release|Any CPU
	EndGlobalSection
	GlobalSection(ProjectConfigurationPlatforms) = postSolution
		{60EE291B-8E47-42DB-91F6-DB7B113935D7}.Debug|Any CPU.ActiveCfg = Debug|Any CPU
		{60EE291B-8E47-42DB-91F6-DB7B113935D7}.Debug|Any CPU.Build.0 = Debug|Any CPU
		{60EE291B-8E47-42DB-91F6-DB7B113935D7}.Release|Any CPU.ActiveCfg = Release|Any CPU
		{60EE291B-8E47-42DB-91F6-DB7B113935D7}.Release|Any CPU.Build.0 = Release|Any CPU
		{4D06DCD7-9776-44B3-A335-65C082B390DD}.Debug|Any CPU.ActiveCfg = Debug|Any CPU
		{4D06DCD7-9776-44B3-A335-65C082B390DD}.Debug|Any CPU.Build.0 = Debug|Any CPU
		{4D06DCD7-9776-44B3-A335-65C082B390DD}.Release|Any CPU.ActiveCfg = Release|Any CPU
		{4D06DCD7-9776-44B3-A335-65C082B390DD}.Release|Any CPU.Build.0 = Release|Any CPU
		{14D53381-0161-45B3-9B22-12F1296BC3F2}.Debug|Any CPU.ActiveCfg = Debug|Any CPU
		{14D53381-0161-45B3-9B22-12F1296BC3F2}.Debug|Any CPU.Build.0 = Debug|Any CPU
		{14D53381-0161-45B3-9B22-12F1296BC3F2}.Release|Any CPU.ActiveCfg = Release|Any CPU
		{14D53381-0161-45B3-9B22-12F1296BC3F2}.Release|Any CPU.Build.0 = Release|Any CPU
	EndGlobalSection
	GlobalSection(SolutionProperties) = preSolution
		HideSolutionNode = FALSE
	EndGlobalSection
EndGlobal
